
Microsoft Visual Studio Solution File, Format Version 12.00
# Visual Studio Version 16
VisualStudioVersion = 16.0.30104.148
MinimumVisualStudioVersion = 10.0.40219.1
Project("{8BC9CEB8-8B4A-11D0-8D11-00A0C91BC942}") = "netImguiApp", "ServerApp\netImguiApp.vcxproj", "{DCD4D791-77BF-4EAA-BEEB-CF550CF43A2A}"
EndProject
Project("{8BC9CEB8-8B4A-11D0-8D11-00A0C91BC942}") = "ClientExample", "ClientExample\ClientExample.vcxproj", "{9F316E83-5AE5-4939-A723-305A94F48005}"
EndProject
Global
	GlobalSection(SolutionConfigurationPlatforms) = preSolution
		ClangDebug_Disabled|x64 = ClangDebug_Disabled|x64
		ClangDebug|x64 = ClangDebug|x64
		ClangRelease|x64 = ClangRelease|x64
		Debug_Disabled|x64 = Debug_Disabled|x64
		Debug|x64 = Debug|x64
		Release|x64 = Release|x64
	EndGlobalSection
	GlobalSection(ProjectConfigurationPlatforms) = postSolution
		{DCD4D791-77BF-4EAA-BEEB-CF550CF43A2A}.ClangDebug_Disabled|x64.ActiveCfg = ClangDebug|x64
		{DCD4D791-77BF-4EAA-BEEB-CF550CF43A2A}.ClangDebug_Disabled|x64.Build.0 = ClangDebug|x64
		{DCD4D791-77BF-4EAA-BEEB-CF550CF43A2A}.ClangDebug|x64.ActiveCfg = ClangDebug|x64
		{DCD4D791-77BF-4EAA-BEEB-CF550CF43A2A}.ClangDebug|x64.Build.0 = ClangDebug|x64
		{DCD4D791-77BF-4EAA-BEEB-CF550CF43A2A}.ClangRelease|x64.ActiveCfg = ClangRelease|x64
		{DCD4D791-77BF-4EAA-BEEB-CF550CF43A2A}.ClangRelease|x64.Build.0 = ClangRelease|x64
		{DCD4D791-77BF-4EAA-BEEB-CF550CF43A2A}.Debug_Disabled|x64.ActiveCfg = Debug|x64
		{DCD4D791-77BF-4EAA-BEEB-CF550CF43A2A}.Debug_Disabled|x64.Build.0 = Debug|x64
		{DCD4D791-77BF-4EAA-BEEB-CF550CF43A2A}.Debug|x64.ActiveCfg = Debug|x64
		{DCD4D791-77BF-4EAA-BEEB-CF550CF43A2A}.Debug|x64.Build.0 = Debug|x64
		{DCD4D791-77BF-4EAA-BEEB-CF550CF43A2A}.Release|x64.ActiveCfg = Release|x64
		{DCD4D791-77BF-4EAA-BEEB-CF550CF43A2A}.Release|x64.Build.0 = Release|x64
		{9F316E83-5AE5-4939-A723-305A94F48005}.ClangDebug_Disabled|x64.ActiveCfg = ClangDebug_Disabled|x64
		{9F316E83-5AE5-4939-A723-305A94F48005}.ClangDebug_Disabled|x64.Build.0 = ClangDebug_Disabled|x64
		{9F316E83-5AE5-4939-A723-305A94F48005}.ClangDebug|x64.ActiveCfg = ClangDebug|x64
		{9F316E83-5AE5-4939-A723-305A94F48005}.ClangDebug|x64.Build.0 = ClangDebug|x64
		{9F316E83-5AE5-4939-A723-305A94F48005}.ClangRelease|x64.ActiveCfg = ClangRelease|x64
		{9F316E83-5AE5-4939-A723-305A94F48005}.ClangRelease|x64.Build.0 = ClangRelease|x64
		{9F316E83-5AE5-4939-A723-305A94F48005}.Debug_Disabled|x64.ActiveCfg = Debug_Disabled|x64
		{9F316E83-5AE5-4939-A723-305A94F48005}.Debug_Disabled|x64.Build.0 = Debug_Disabled|x64
		{9F316E83-5AE5-4939-A723-305A94F48005}.Debug|x64.ActiveCfg = Debug|x64
		{9F316E83-5AE5-4939-A723-305A94F48005}.Debug|x64.Build.0 = Debug|x64
		{9F316E83-5AE5-4939-A723-305A94F48005}.Release|x64.ActiveCfg = Release|x64
		{9F316E83-5AE5-4939-A723-305A94F48005}.Release|x64.Build.0 = Release|x64
	EndGlobalSection
	GlobalSection(SolutionProperties) = preSolution
		HideSolutionNode = FALSE
	EndGlobalSection
	GlobalSection(ExtensibilityGlobals) = postSolution
		SolutionGuid = {9520E05E-885E-4299-BF6D-7F312AD3AEA1}
	EndGlobalSection
EndGlobal
