<?xml version="1.0" encoding="utf-8"?>
<Project ToolsVersion="4.0" xmlns="http://schemas.microsoft.com/developer/msbuild/2003">
  <ItemGroup>
    <Filter Include="Source Files">
      <UniqueIdentifier>{4FC737F1-C7A5-4376-A066-2A32D752A2FF}</UniqueIdentifier>
      <Extensions>cpp;c;cc;cxx;def;odl;idl;hpj;bat;asm;asmx</Extensions>
    </Filter>
    <Filter Include="Resource Files">
      <UniqueIdentifier>{67DA6AB6-F800-4c08-8B7A-83BB121AAD01}</UniqueIdentifier>
      <Extensions>rc;ico;cur;bmp;dlg;rc2;rct;bin;rgs;gif;jpg;jpeg;jpe;resx;tiff;tif;png;wav;mfcribbon-ms</Extensions>
    </Filter>
    <Filter Include="Source Files\DirectX">
      <UniqueIdentifier>{6331c65f-620b-4d0c-9525-8b97aebd4d23}</UniqueIdentifier>
    </Filter>
    <Filter Include="Source Files\ThirdParty">
      <UniqueIdentifier>{c87a3d08-b29c-428f-9387-96954e176107}</UniqueIdentifier>
    </Filter>
    <Filter Include="Source Files\ThirdParty\Imgui">
      <UniqueIdentifier>{375b4eae-645c-430f-a1ff-041adec0bb1f}</UniqueIdentifier>
    </Filter>
    <Filter Include="Source Files\Header Files">
      <UniqueIdentifier>{93995380-89BD-4b04-88EB-625FBE52EBFB}</UniqueIdentifier>
      <Extensions>h;hh;hpp;hxx;hm;inl;inc;ipp;xsd</Extensions>
    </Filter>
    <Filter Include="Source Files\ClientCode">
      <UniqueIdentifier>{91416a60-a7cc-4c19-9269-59f555472d22}</UniqueIdentifier>
    </Filter>
    <Filter Include="Source Files\ClientCode\Private">
      <UniqueIdentifier>{671f7ac7-1899-4be2-b2bd-33335351e491}</UniqueIdentifier>
    </Filter>
  </ItemGroup>
  <ItemGroup>
    <ClInclude Include="DirectX\DirectX11.h">
      <Filter>Source Files\DirectX</Filter>
    </ClInclude>
    <ClInclude Include="ThirdParty\stb_image.h">
      <Filter>Source Files\ThirdParty</Filter>
    </ClInclude>
    <ClInclude Include="Source\stdafx.h">
      <Filter>Source Files\Header Files</Filter>
    </ClInclude>
    <ClInclude Include="targetver.h">
      <Filter>Source Files\Header Files</Filter>
    </ClInclude>
    <ClInclude Include="Source\ServerInfoTab.h">
      <Filter>Source Files</Filter>
    </ClInclude>
    <ClInclude Include="Source\ServerNetworking.h">
      <Filter>Source Files</Filter>
    </ClInclude>
    <ClInclude Include="..\ClientCode\Private\NetImgui_Client.h">
      <Filter>Source Files\ClientCode\Private</Filter>
    </ClInclude>
    <ClInclude Include="..\ClientCode\Private\NetImgui_CmdPackets.h">
      <Filter>Source Files\ClientCode\Private</Filter>
    </ClInclude>
    <ClInclude Include="..\ClientCode\Private\NetImgui_Network.h">
      <Filter>Source Files\ClientCode\Private</Filter>
    </ClInclude>
    <ClInclude Include="..\ClientCode\Private\NetImgui_Shared.h">
      <Filter>Source Files\ClientCode\Private</Filter>
    </ClInclude>
    <ClInclude Include="..\ClientCode\NetImgui_Api.h">
      <Filter>Source Files\ClientCode</Filter>
    </ClInclude>
    <ClInclude Include="Source\RemoteClient.h">
      <Filter>Source Files</Filter>
    </ClInclude>
    <ClInclude Include="ThirdParty\Imgui\imstb_textedit.h">
      <Filter>Source Files\ThirdParty\Imgui</Filter>
    </ClInclude>
    <ClInclude Include="ThirdParty\Imgui\imstb_truetype.h">
      <Filter>Source Files\ThirdParty\Imgui</Filter>
    </ClInclude>
    <ClInclude Include="ThirdParty\Imgui\imconfig.h">
      <Filter>Source Files\ThirdParty\Imgui</Filter>
    </ClInclude>
    <ClInclude Include="ThirdParty\Imgui\imgui.h">
      <Filter>Source Files\ThirdParty\Imgui</Filter>
    </ClInclude>
    <ClInclude Include="ThirdParty\Imgui\imgui_internal.h">
      <Filter>Source Files\ThirdParty\Imgui</Filter>
    </ClInclude>
    <ClInclude Include="ThirdParty\Imgui\imstb_rectpack.h">
      <Filter>Source Files\ThirdParty\Imgui</Filter>
    </ClInclude>
    <ClInclude Include="..\ClientCode\Private\NetImgui_CmdPackets_DrawFrame.h">
      <Filter>Source Files\ClientCode\Private</Filter>
    </ClInclude>
    <ClInclude Include="..\ClientCode\Private\NetImgui_WarningDisable.h">
      <Filter>Source Files\ClientCode\Private</Filter>
    </ClInclude>
    <ClInclude Include="resource.h">
      <Filter>Source Files\Header Files</Filter>
    </ClInclude>
    <ClInclude Include="..\ClientCode\Private\NetImgui_WarningReenable.h">
      <Filter>Source Files\ClientCode\Private</Filter>
    </ClInclude>
  </ItemGroup>
  <ItemGroup>
    <ClCompile Include="DirectX\DirectX11.cpp">
      <Filter>Source Files\DirectX</Filter>
    </ClCompile>
    <ClCompile Include="Source\ServerInfoTab.cpp">
      <Filter>Source Files</Filter>
    </ClCompile>
    <ClCompile Include="Source\Application.cpp">
      <Filter>Source Files</Filter>
    </ClCompile>
    <ClCompile Include="Source\ServerNetworking.cpp">
      <Filter>Source Files</Filter>
    </ClCompile>
    <ClCompile Include="..\ClientCode\Private\NetImgui_Api.cpp">
      <Filter>Source Files\ClientCode\Private</Filter>
    </ClCompile>
    <ClCompile Include="..\ClientCode\Private\NetImgui_Client.cpp">
      <Filter>Source Files\ClientCode\Private</Filter>
    </ClCompile>
    <ClCompile Include="..\ClientCode\Private\NetImgui_NetworkWin32.cpp">
      <Filter>Source Files\ClientCode\Private</Filter>
    </ClCompile>
    <ClCompile Include="..\ClientCode\Private\NetImgui_CmdPackets_DrawFrame.cpp">
      <Filter>Source Files\ClientCode\Private</Filter>
    </ClCompile>
    <ClCompile Include="Source\RemoteClient.cpp">
      <Filter>Source Files</Filter>
    </ClCompile>
    <ClCompile Include="ThirdParty\Imgui\imgui.cpp">
      <Filter>Source Files\ThirdParty\Imgui</Filter>
    </ClCompile>
    <ClCompile Include="ThirdParty\Imgui\imgui_demo.cpp">
      <Filter>Source Files\ThirdParty\Imgui</Filter>
    </ClCompile>
    <ClCompile Include="ThirdParty\Imgui\imgui_draw.cpp">
      <Filter>Source Files\ThirdParty\Imgui</Filter>
    </ClCompile>
    <ClCompile Include="ThirdParty\Imgui\imgui_widgets.cpp">
      <Filter>Source Files\ThirdParty\Imgui</Filter>
    </ClCompile>
  </ItemGroup>
  <ItemGroup>
    <ResourceCompile Include="netImguiApp.rc">
      <Filter>Resource Files</Filter>
    </ResourceCompile>
  </ItemGroup>
  <ItemGroup>
    <Image Include="small.ico">
      <Filter>Resource Files</Filter>
    </Image>
    <Image Include="netImguiApp.ico">
      <Filter>Resource Files</Filter>
    </Image>
  </ItemGroup>
  <ItemGroup>
    <FxCompile Include="DirectX\ClearPS.hlsl">
      <Filter>Source Files\DirectX</Filter>
    </FxCompile>
    <FxCompile Include="DirectX\ClearVS.hlsl">
      <Filter>Source Files\DirectX</Filter>
    </FxCompile>
    <FxCompile Include="DirectX\ImguiVS.hlsl">
      <Filter>Source Files\DirectX</Filter>
    </FxCompile>
    <FxCompile Include="DirectX\ImguiPS.hlsl">
      <Filter>Source Files\DirectX</Filter>
    </FxCompile>
  </ItemGroup>
  <ItemGroup>
    <CopyFileToFolders Include="Background.png">
      <Filter>Resource Files</Filter>
    </CopyFileToFolders>
  </ItemGroup>
  <ItemGroup>
    <None Include="..\ClientCode\Private\NetImgui_Client.inl">
      <Filter>Source Files\ClientCode\Private</Filter>
    </None>
    <None Include="..\ClientCode\Private\NetImgui_Shared.inl">
      <Filter>Source Files\ClientCode\Private</Filter>
    </None>
    <None Include="..\ClientCode\Private\NetImgui_CmdPackets.inl">
      <Filter>Source Files\ClientCode\Private</Filter>
    </None>
  </ItemGroup>
</Project>