<?xml version="1.0" encoding="utf-8"?>
<Project ToolsVersion="4.0" xmlns="http://schemas.microsoft.com/developer/msbuild/2003">
  <ItemGroup>
    <Filter Include="imgui">
      <UniqueIdentifier>{0587d7a3-f2ce-4d56-b84f-a0005d3bfce6}</UniqueIdentifier>
    </Filter>
    <Filter Include="sources">
      <UniqueIdentifier>{08e36723-ce4f-4cff-9662-c40801cf1acf}</UniqueIdentifier>
    </Filter>
    <Filter Include="RemoteImguiShared">
      <UniqueIdentifier>{afe377a4-1aa4-4906-ab10-5cad7a5fbd5b}</UniqueIdentifier>
    </Filter>
  </ItemGroup>
  <ItemGroup>
    <ClInclude Include="imgui_impl_dx11.h">
      <Filter>sources</Filter>
    </ClInclude>
    <ClInclude Include="..\Imgui\stb_textedit.h">
      <Filter>imgui</Filter>
    </ClInclude>
    <ClInclude Include="..\Imgui\stb_truetype.h">
      <Filter>imgui</Filter>
    </ClInclude>
    <ClInclude Include="..\Imgui\imconfig.h">
      <Filter>imgui</Filter>
    </ClInclude>
    <ClInclude Include="..\Imgui\imgui.h">
      <Filter>imgui</Filter>
    </ClInclude>
    <ClInclude Include="..\Imgui\imgui_internal.h">
      <Filter>imgui</Filter>
    </ClInclude>
    <ClInclude Include="..\Imgui\stb_rect_pack.h">
      <Filter>imgui</Filter>
    </ClInclude>
    <ClInclude Include="SampleClient.h">
      <Filter>sources</Filter>
    </ClInclude>
    <ClInclude Include="..\..\RemoteImguiShared\RemoteImgui_Client.h">
      <Filter>RemoteImguiShared</Filter>
    </ClInclude>
    <ClInclude Include="..\..\RemoteImguiShared\RemoteImgui_CmdPackets.h">
      <Filter>RemoteImguiShared</Filter>
    </ClInclude>
    <ClInclude Include="..\..\RemoteImguiShared\RemoteImgui_ImguiFrame.h">
      <Filter>RemoteImguiShared</Filter>
    </ClInclude>
    <ClInclude Include="..\..\RemoteImguiShared\RemoteImgui_Network.h">
      <Filter>RemoteImguiShared</Filter>
    </ClInclude>
    <ClInclude Include="..\..\RemoteImguiShared\RemoteImgui_Shared.h">
      <Filter>RemoteImguiShared</Filter>
    </ClInclude>
  </ItemGroup>
  <ItemGroup>
    <ClCompile Include="main.cpp">
      <Filter>sources</Filter>
    </ClCompile>
    <ClCompile Include="imgui_impl_dx11.cpp">
      <Filter>sources</Filter>
    </ClCompile>
    <ClCompile Include="..\Imgui\imgui.cpp">
      <Filter>imgui</Filter>
    </ClCompile>
    <ClCompile Include="..\Imgui\imgui_demo.cpp">
      <Filter>imgui</Filter>
    </ClCompile>
    <ClCompile Include="..\Imgui\imgui_draw.cpp">
      <Filter>imgui</Filter>
    </ClCompile>
    <ClCompile Include="SampleClient.cpp">
      <Filter>sources</Filter>
    </ClCompile>
    <ClCompile Include="..\..\RemoteImguiShared\RemoteImgui_Client.cpp">
      <Filter>RemoteImguiShared</Filter>
    </ClCompile>
    <ClCompile Include="..\..\RemoteImguiShared\RemoteImgui_CmdPackets.cpp">
      <Filter>RemoteImguiShared</Filter>
    </ClCompile>
    <ClCompile Include="..\..\RemoteImguiShared\RemoteImgui_ImguiFrame.cpp">
      <Filter>RemoteImguiShared</Filter>
    </ClCompile>
    <ClCompile Include="..\..\RemoteImguiShared\RemoteImgui_NetworkWin32.cpp">
      <Filter>RemoteImguiShared</Filter>
    </ClCompile>
  </ItemGroup>
  <ItemGroup>
    <None Include="..\..\RemoteImguiShared\RemoteImgui_Shared.inl">
      <Filter>RemoteImguiShared</Filter>
    </None>
  </ItemGroup>
</Project>